
Microsoft Visual Studio Solution File, Format Version 12.00
# Visual Studio 15
VisualStudioVersion = 15.0.35213.121
MinimumVisualStudioVersion = 10.0.40219.1
Project("{FAE04EC0-301F-11D3-BF4B-00C04F79EFBC}") = "EnumYapisi", "EnumYapisi\EnumYapisi.csproj", "{249022FE-10D3-4D79-B0F9-50EF1F559765}"
EndProject
Global
	GlobalSection(SolutionConfigurationPlatforms) = preSolution
		Debug|Any CPU = Debug|Any CPU
		Release|Any CPU = Release|Any CPU
	EndGlobalSection
	GlobalSection(ProjectConfigurationPlatforms) = postSolution
		{249022FE-10D3-4D79-B0F9-50EF1F559765}.Debug|Any CPU.ActiveCfg = Debug|Any CPU
		{249022FE-10D3-4D79-B0F9-50EF1F559765}.Debug|Any CPU.Build.0 = Debug|Any CPU
		{249022FE-10D3-4D79-B0F9-50EF1F559765}.Release|Any CPU.ActiveCfg = Release|Any CPU
		{249022FE-10D3-4D79-B0F9-50EF1F559765}.Release|Any CPU.Build.0 = Release|Any CPU
	EndGlobalSection
	GlobalSection(SolutionProperties) = preSolution
		HideSolutionNode = FALSE
	EndGlobalSection
	GlobalSection(ExtensibilityGlobals) = postSolution
		SolutionGuid = {A7575765-2D65-49EE-9494-16D94A12EBF7}
	EndGlobalSection
EndGlobal
