
Microsoft Visual Studio Solution File, Format Version 12.00
# Visual Studio 15
VisualStudioVersion = 15.0.35213.121
MinimumVisualStudioVersion = 10.0.40219.1
Project("{FAE04EC0-301F-11D3-BF4B-00C04F79EFBC}") = "FlightResevationSystem", "FlightResevationSystem\FlightResevationSystem.csproj", "{93BDB5D0-5B2F-4DE4-9469-3E595EA054E7}"
EndProject
Global
	GlobalSection(SolutionConfigurationPlatforms) = preSolution
		Debug|Any CPU = Debug|Any CPU
		Release|Any CPU = Release|Any CPU
	EndGlobalSection
	GlobalSection(ProjectConfigurationPlatforms) = postSolution
		{93BDB5D0-5B2F-4DE4-9469-3E595EA054E7}.Debug|Any CPU.ActiveCfg = Debug|Any CPU
		{93BDB5D0-5B2F-4DE4-9469-3E595EA054E7}.Debug|Any CPU.Build.0 = Debug|Any CPU
		{93BDB5D0-5B2F-4DE4-9469-3E595EA054E7}.Release|Any CPU.ActiveCfg = Release|Any CPU
		{93BDB5D0-5B2F-4DE4-9469-3E595EA054E7}.Release|Any CPU.Build.0 = Release|Any CPU
	EndGlobalSection
	GlobalSection(SolutionProperties) = preSolution
		HideSolutionNode = FALSE
	EndGlobalSection
	GlobalSection(ExtensibilityGlobals) = postSolution
		SolutionGuid = {FA8014E1-DB9E-4B47-80B0-7D0F3D9F23F5}
	EndGlobalSection
EndGlobal
