
Microsoft Visual Studio Solution File, Format Version 12.00
# Visual Studio 15
VisualStudioVersion = 15.0.35213.121
MinimumVisualStudioVersion = 10.0.40219.1
Project("{FAE04EC0-301F-11D3-BF4B-00C04F79EFBC}") = "MenuStrip_Kullanimi", "MenuStrip_Kullanimi\MenuStrip_Kullanimi.csproj", "{074B5EAF-76BD-44CA-BA1A-0076B24EDEB8}"
EndProject
Global
	GlobalSection(SolutionConfigurationPlatforms) = preSolution
		Debug|Any CPU = Debug|Any CPU
		Release|Any CPU = Release|Any CPU
	EndGlobalSection
	GlobalSection(ProjectConfigurationPlatforms) = postSolution
		{074B5EAF-76BD-44CA-BA1A-0076B24EDEB8}.Debug|Any CPU.ActiveCfg = Debug|Any CPU
		{074B5EAF-76BD-44CA-BA1A-0076B24EDEB8}.Debug|Any CPU.Build.0 = Debug|Any CPU
		{074B5EAF-76BD-44CA-BA1A-0076B24EDEB8}.Release|Any CPU.ActiveCfg = Release|Any CPU
		{074B5EAF-76BD-44CA-BA1A-0076B24EDEB8}.Release|Any CPU.Build.0 = Release|Any CPU
	EndGlobalSection
	GlobalSection(SolutionProperties) = preSolution
		HideSolutionNode = FALSE
	EndGlobalSection
	GlobalSection(ExtensibilityGlobals) = postSolution
		SolutionGuid = {86B86D3C-3F3B-4137-843C-4BCA1A02042C}
	EndGlobalSection
EndGlobal
