
Microsoft Visual Studio Solution File, Format Version 12.00
# Visual Studio 15
VisualStudioVersion = 15.0.35213.121
MinimumVisualStudioVersion = 10.0.40219.1
Project("{FAE04EC0-301F-11D3-BF4B-00C04F79EFBC}") = "EkstraYapılar", "EkstraYapılar\EkstraYapılar.csproj", "{C43B5BB6-69FA-4773-8B3B-48396AE97372}"
EndProject
Global
	GlobalSection(SolutionConfigurationPlatforms) = preSolution
		Debug|Any CPU = Debug|Any CPU
		Release|Any CPU = Release|Any CPU
	EndGlobalSection
	GlobalSection(ProjectConfigurationPlatforms) = postSolution
		{C43B5BB6-69FA-4773-8B3B-48396AE97372}.Debug|Any CPU.ActiveCfg = Debug|Any CPU
		{C43B5BB6-69FA-4773-8B3B-48396AE97372}.Debug|Any CPU.Build.0 = Debug|Any CPU
		{C43B5BB6-69FA-4773-8B3B-48396AE97372}.Release|Any CPU.ActiveCfg = Release|Any CPU
		{C43B5BB6-69FA-4773-8B3B-48396AE97372}.Release|Any CPU.Build.0 = Release|Any CPU
	EndGlobalSection
	GlobalSection(SolutionProperties) = preSolution
		HideSolutionNode = FALSE
	EndGlobalSection
	GlobalSection(ExtensibilityGlobals) = postSolution
		SolutionGuid = {D9C1AB29-3C58-42FD-8DE5-D3D17A4B6CC9}
	EndGlobalSection
EndGlobal
