
Microsoft Visual Studio Solution File, Format Version 12.00
# Visual Studio 15
VisualStudioVersion = 15.0.35213.121
MinimumVisualStudioVersion = 10.0.40219.1
Project("{FAE04EC0-301F-11D3-BF4B-00C04F79EFBC}") = "VehicleUses", "WindowsFormsApp1\VehicleUses.csproj", "{F15FBA2F-ACB7-49CE-8701-6B9D4FF14690}"
EndProject
Global
	GlobalSection(SolutionConfigurationPlatforms) = preSolution
		Debug|Any CPU = Debug|Any CPU
		Release|Any CPU = Release|Any CPU
	EndGlobalSection
	GlobalSection(ProjectConfigurationPlatforms) = postSolution
		{F15FBA2F-ACB7-49CE-8701-6B9D4FF14690}.Debug|Any CPU.ActiveCfg = Debug|Any CPU
		{F15FBA2F-ACB7-49CE-8701-6B9D4FF14690}.Debug|Any CPU.Build.0 = Debug|Any CPU
		{F15FBA2F-ACB7-49CE-8701-6B9D4FF14690}.Release|Any CPU.ActiveCfg = Release|Any CPU
		{F15FBA2F-ACB7-49CE-8701-6B9D4FF14690}.Release|Any CPU.Build.0 = Release|Any CPU
	EndGlobalSection
	GlobalSection(SolutionProperties) = preSolution
		HideSolutionNode = FALSE
	EndGlobalSection
	GlobalSection(ExtensibilityGlobals) = postSolution
		SolutionGuid = {7A20856C-BDEF-4493-91CA-F105138234EC}
	EndGlobalSection
EndGlobal
